
Microsoft Visual Studio Solution File, Format Version 12.00
# Visual Studio 15
VisualStudioVersion = 15.0.26730.12
MinimumVisualStudioVersion = 10.0.40219.1
Project("{FAE04EC0-301F-11D3-BF4B-00C04F79EFBC}") = "ClassWork1", "ClassWork1\ClassWork1.csproj", "{5997CBF8-A8F4-4B6D-9580-E59C594AF8DC}"
EndProject
Global
	GlobalSection(SolutionConfigurationPlatforms) = preSolution
		Debug|Any CPU = Debug|Any CPU
		Release|Any CPU = Release|Any CPU
	EndGlobalSection
	GlobalSection(ProjectConfigurationPlatforms) = postSolution
		{5997CBF8-A8F4-4B6D-9580-E59C594AF8DC}.Debug|Any CPU.ActiveCfg = Debug|Any CPU
		{5997CBF8-A8F4-4B6D-9580-E59C594AF8DC}.Debug|Any CPU.Build.0 = Debug|Any CPU
		{5997CBF8-A8F4-4B6D-9580-E59C594AF8DC}.Release|Any CPU.ActiveCfg = Release|Any CPU
		{5997CBF8-A8F4-4B6D-9580-E59C594AF8DC}.Release|Any CPU.Build.0 = Release|Any CPU
	EndGlobalSection
	GlobalSection(SolutionProperties) = preSolution
		HideSolutionNode = FALSE
	EndGlobalSection
	GlobalSection(ExtensibilityGlobals) = postSolution
		SolutionGuid = {36312930-DFDF-4B3E-97C0-8E1CECC936F1}
	EndGlobalSection
EndGlobal
